// !$*UTF8*$!
{
	archiveVersion = 1;
	classes = {
	};
	objectVersion = 55;
	objects = {

/* Begin PBXBuildFile section */
		074BC5B82901DE36003DAFA9 /* AppDelegate.swift in Sources */ = {isa = PBXBuildFile; fileRef = 074BC5B72901DE36003DAFA9 /* AppDelegate.swift */; };
		074BC5BA2901DE36003DAFA9 /* SceneDelegate.swift in Sources */ = {isa = PBXBuildFile; fileRef = 074BC5B92901DE36003DAFA9 /* SceneDelegate.swift */; };
		074BC5BC2901DE36003DAFA9 /* ViewController.swift in Sources */ = {isa = PBXBuildFile; fileRef = 074BC5BB2901DE36003DAFA9 /* ViewController.swift */; };
		074BC5BF2901DE36003DAFA9 /* Main.storyboard in Resources */ = {isa = PBXBuildFile; fileRef = 074BC5BD2901DE36003DAFA9 /* Main.storyboard */; };
		074BC5C12901DE38003DAFA9 /* Assets.xcassets in Resources */ = {isa = PBXBuildFile; fileRef = 074BC5C02901DE38003DAFA9 /* Assets.xcassets */; };
		074BC5C42901DE38003DAFA9 /* LaunchScreen.storyboard in Resources */ = {isa = PBXBuildFile; fileRef = 074BC5C22901DE38003DAFA9 /* LaunchScreen.storyboard */; };
		074BC5CF2901DE39003DAFA9 /* RandPicGenTests.swift in Sources */ = {isa = PBXBuildFile; fileRef = 074BC5CE2901DE39003DAFA9 /* RandPicGenTests.swift */; };
		074BC5D92901DE39003DAFA9 /* RandPicGenUITests.swift in Sources */ = {isa = PBXBuildFile; fileRef = 074BC5D82901DE39003DAFA9 /* RandPicGenUITests.swift */; };
		074BC5DB2901DE39003DAFA9 /* RandPicGenUITestsLaunchTests.swift in Sources */ = {isa = PBXBuildFile; fileRef = 074BC5DA2901DE39003DAFA9 /* RandPicGenUITestsLaunchTests.swift */; };
/* End PBXBuildFile section */

/* Begin PBXContainerItemProxy section */
		074BC5CB2901DE39003DAFA9 /* PBXContainerItemProxy */ = {
			isa = PBXContainerItemProxy;
			containerPortal = 074BC5AC2901DE36003DAFA9 /* Project object */;
			proxyType = 1;
			remoteGlobalIDString = 074BC5B32901DE36003DAFA9;
			remoteInfo = RandPicGen;
		};
		074BC5D52901DE39003DAFA9 /* PBXContainerItemProxy */ = {
			isa = PBXContainerItemProxy;
			containerPortal = 074BC5AC2901DE36003DAFA9 /* Project object */;
			proxyType = 1;
			remoteGlobalIDString = 074BC5B32901DE36003DAFA9;
			remoteInfo = RandPicGen;
		};
/* End PBXContainerItemProxy section */

/* Begin PBXFileReference section */
		074BC5B42901DE36003DAFA9 /* RandPicGen.app */ = {isa = PBXFileReference; explicitFileType = wrapper.application; includeInIndex = 0; path = RandPicGen.app; sourceTree = BUILT_PRODUCTS_DIR; };
		074BC5B72901DE36003DAFA9 /* AppDelegate.swift */ = {isa = PBXFileReference; lastKnownFileType = sourcecode.swift; path = AppDelegate.swift; sourceTree = "<group>"; };
		074BC5B92901DE36003DAFA9 /* SceneDelegate.swift */ = {isa = PBXFileReference; lastKnownFileType = sourcecode.swift; path = SceneDelegate.swift; sourceTree = "<group>"; };
		074BC5BB2901DE36003DAFA9 /* ViewController.swift */ = {isa = PBXFileReference; lastKnownFileType = sourcecode.swift; path = ViewController.swift; sourceTree = "<group>"; };
		074BC5BE2901DE36003DAFA9 /* Base */ = {isa = PBXFileReference; lastKnownFileType = file.storyboard; name = Base; path = Base.lproj/Main.storyboard; sourceTree = "<group>"; };
		074BC5C02901DE38003DAFA9 /* Assets.xcassets */ = {isa = PBXFileReference; lastKnownFileType = folder.assetcatalog; path = Assets.xcassets; sourceTree = "<group>"; };
		074BC5C32901DE38003DAFA9 /* Base */ = {isa = PBXFileReference; lastKnownFileType = file.storyboard; name = Base; path = Base.lproj/LaunchScreen.storyboard; sourceTree = "<group>"; };
		074BC5C52901DE38003DAFA9 /* Info.plist */ = {isa = PBXFileReference; lastKnownFileType = text.plist.xml; path = Info.plist; sourceTree = "<group>"; };
		074BC5CA2901DE39003DAFA9 /* RandPicGenTests.xctest */ = {isa = PBXFileReference; explicitFileType = wrapper.cfbundle; includeInIndex = 0; path = RandPicGenTests.xctest; sourceTree = BUILT_PRODUCTS_DIR; };
		074BC5CE2901DE39003DAFA9 /* RandPicGenTests.swift */ = {isa = PBXFileReference; lastKnownFileType = sourcecode.swift; path = RandPicGenTests.swift; sourceTree = "<group>"; };
		074BC5D42901DE39003DAFA9 /* RandPicGenUITests.xctest */ = {isa = PBXFileReference; explicitFileType = wrapper.cfbundle; includeInIndex = 0; path = RandPicGenUITests.xctest; sourceTree = BUILT_PRODUCTS_DIR; };
		074BC5D82901DE39003DAFA9 /* RandPicGenUITests.swift */ = {isa = PBXFileReference; lastKnownFileType = sourcecode.swift; path = RandPicGenUITests.swift; sourceTree = "<group>"; };
		074BC5DA2901DE39003DAFA9 /* RandPicGenUITestsLaunchTests.swift */ = {isa = PBXFileReference; lastKnownFileType = sourcecode.swift; path = RandPicGenUITestsLaunchTests.swift; sourceTree = "<group>"; };
/* End PBXFileReference section */

/* Begin PBXFrameworksBuildPhase section */
		074BC5B12901DE36003DAFA9 /* Frameworks */ = {
			isa = PBXFrameworksBuildPhase;
			buildActionMask = 2147483647;
			files = (
			);
			runOnlyForDeploymentPostprocessing = 0;
		};
		074BC5C72901DE39003DAFA9 /* Frameworks */ = {
			isa = PBXFrameworksBuildPhase;
			buildActionMask = 2147483647;
			files = (
			);
			runOnlyForDeploymentPostprocessing = 0;
		};
		074BC5D12901DE39003DAFA9 /* Frameworks */ = {
			isa = PBXFrameworksBuildPhase;
			buildActionMask = 2147483647;
			files = (
			);
			runOnlyForDeploymentPostprocessing = 0;
		};
/* End PBXFrameworksBuildPhase section */

/* Begin PBXGroup section */
		074BC5AB2901DE36003DAFA9 = {
			isa = PBXGroup;
			children = (
				074BC5B62901DE36003DAFA9 /* RandPicGen */,
				074BC5CD2901DE39003DAFA9 /* RandPicGenTests */,
				074BC5D72901DE39003DAFA9 /* RandPicGenUITests */,
				074BC5B52901DE36003DAFA9 /* Products */,
			);
			sourceTree = "<group>";
		};
		074BC5B52901DE36003DAFA9 /* Products */ = {
			isa = PBXGroup;
			children = (
				074BC5B42901DE36003DAFA9 /* RandPicGen.app */,
				074BC5CA2901DE39003DAFA9 /* RandPicGenTests.xctest */,
				074BC5D42901DE39003DAFA9 /* RandPicGenUITests.xctest */,
			);
			name = Products;
			sourceTree = "<group>";
		};
		074BC5B62901DE36003DAFA9 /* RandPicGen */ = {
			isa = PBXGroup;
			children = (
				074BC5B72901DE36003DAFA9 /* AppDelegate.swift */,
				074BC5B92901DE36003DAFA9 /* SceneDelegate.swift */,
				074BC5BB2901DE36003DAFA9 /* ViewController.swift */,
				074BC5BD2901DE36003DAFA9 /* Main.storyboard */,
				074BC5C02901DE38003DAFA9 /* Assets.xcassets */,
				074BC5C22901DE38003DAFA9 /* LaunchScreen.storyboard */,
				074BC5C52901DE38003DAFA9 /* Info.plist */,
			);
			path = RandPicGen;
			sourceTree = "<group>";
		};
		074BC5CD2901DE39003DAFA9 /* RandPicGenTests */ = {
			isa = PBXGroup;
			children = (
				074BC5CE2901DE39003DAFA9 /* RandPicGenTests.swift */,
			);
			path = RandPicGenTests;
			sourceTree = "<group>";
		};
		074BC5D72901DE39003DAFA9 /* RandPicGenUITests */ = {
			isa = PBXGroup;
			children = (
				074BC5D82901DE39003DAFA9 /* RandPicGenUITests.swift */,
				074BC5DA2901DE39003DAFA9 /* RandPicGenUITestsLaunchTests.swift */,
			);
			path = RandPicGenUITests;
			sourceTree = "<group>";
		};
/* End PBXGroup section */

/* Begin PBXNativeTarget section */
		074BC5B32901DE36003DAFA9 /* RandPicGen */ = {
			isa = PBXNativeTarget;
			buildConfigurationList = 074BC5DE2901DE39003DAFA9 /* Build configuration list for PBXNativeTarget "RandPicGen" */;
			buildPhases = (
				074BC5B02901DE36003DAFA9 /* Sources */,
				074BC5B12901DE36003DAFA9 /* Frameworks */,
				074BC5B22901DE36003DAFA9 /* Resources */,
			);
			buildRules = (
			);
			dependencies = (
			);
			name = RandPicGen;
			productName = RandPicGen;
			productReference = 074BC5B42901DE36003DAFA9 /* RandPicGen.app */;
			productType = "com.apple.product-type.application";
		};
		074BC5C92901DE39003DAFA9 /* RandPicGenTests */ = {
			isa = PBXNativeTarget;
			buildConfigurationList = 074BC5E12901DE39003DAFA9 /* Build configuration list for PBXNativeTarget "RandPicGenTests" */;
			buildPhases = (
				074BC5C62901DE39003DAFA9 /* Sources */,
				074BC5C72901DE39003DAFA9 /* Frameworks */,
				074BC5C82901DE39003DAFA9 /* Resources */,
			);
			buildRules = (
			);
			dependencies = (
				074BC5CC2901DE39003DAFA9 /* PBXTargetDependency */,
			);
			name = RandPicGenTests;
			productName = RandPicGenTests;
			productReference = 074BC5CA2901DE39003DAFA9 /* RandPicGenTests.xctest */;
			productType = "com.apple.product-type.bundle.unit-test";
		};
		074BC5D32901DE39003DAFA9 /* RandPicGenUITests */ = {
			isa = PBXNativeTarget;
			buildConfigurationList = 074BC5E42901DE39003DAFA9 /* Build configuration list for PBXNativeTarget "RandPicGenUITests" */;
			buildPhases = (
				074BC5D02901DE39003DAFA9 /* Sources */,
				074BC5D12901DE39003DAFA9 /* Frameworks */,
				074BC5D22901DE39003DAFA9 /* Resources */,
			);
			buildRules = (
			);
			dependencies = (
				074BC5D62901DE39003DAFA9 /* PBXTargetDependency */,
			);
			name = RandPicGenUITests;
			productName = RandPicGenUITests;
			productReference = 074BC5D42901DE39003DAFA9 /* RandPicGenUITests.xctest */;
			productType = "com.apple.product-type.bundle.ui-testing";
		};
/* End PBXNativeTarget section */

/* Begin PBXProject section */
		074BC5AC2901DE36003DAFA9 /* Project object */ = {
			isa = PBXProject;
			attributes = {
				BuildIndependentTargetsInParallel = 1;
				LastSwiftUpdateCheck = 1340;
				LastUpgradeCheck = 1340;
				TargetAttributes = {
					074BC5B32901DE36003DAFA9 = {
						CreatedOnToolsVersion = 13.4.1;
					};
					074BC5C92901DE39003DAFA9 = {
						CreatedOnToolsVersion = 13.4.1;
						TestTargetID = 074BC5B32901DE36003DAFA9;
					};
					074BC5D32901DE39003DAFA9 = {
						CreatedOnToolsVersion = 13.4.1;
						TestTargetID = 074BC5B32901DE36003DAFA9;
					};
				};
			};
			buildConfigurationList = 074BC5AF2901DE36003DAFA9 /* Build configuration list for PBXProject "RandPicGen" */;
			compatibilityVersion = "Xcode 13.0";
			developmentRegion = en;
			hasScannedForEncodings = 0;
			knownRegions = (
				en,
				Base,
			);
			mainGroup = 074BC5AB2901DE36003DAFA9;
			productRefGroup = 074BC5B52901DE36003DAFA9 /* Products */;
			projectDirPath = "";
			projectRoot = "";
			targets = (
				074BC5B32901DE36003DAFA9 /* RandPicGen */,
				074BC5C92901DE39003DAFA9 /* RandPicGenTests */,
				074BC5D32901DE39003DAFA9 /* RandPicGenUITests */,
			);
		};
/* End PBXProject section */

/* Begin PBXResourcesBuildPhase section */
		074BC5B22901DE36003DAFA9 /* Resources */ = {
			isa = PBXResourcesBuildPhase;
			buildActionMask = 2147483647;
			files = (
				074BC5C42901DE38003DAFA9 /* LaunchScreen.storyboard in Resources */,
				074BC5C12901DE38003DAFA9 /* Assets.xcassets in Resources */,
				074BC5BF2901DE36003DAFA9 /* Main.storyboard in Resources */,
			);
			runOnlyForDeploymentPostprocessing = 0;
		};
		074BC5C82901DE39003DAFA9 /* Resources */ = {
			isa = PBXResourcesBuildPhase;
			buildActionMask = 2147483647;
			files = (
			);
			runOnlyForDeploymentPostprocessing = 0;
		};
		074BC5D22901DE39003DAFA9 /* Resources */ = {
			isa = PBXResourcesBuildPhase;
			buildActionMask = 2147483647;
			files = (
			);
			runOnlyForDeploymentPostprocessing = 0;
		};
/* End PBXResourcesBuildPhase section */

/* Begin PBXSourcesBuildPhase section */
		074BC5B02901DE36003DAFA9 /* Sources */ = {
			isa = PBXSourcesBuildPhase;
			buildActionMask = 2147483647;
			files = (
				074BC5BC2901DE36003DAFA9 /* ViewController.swift in Sources */,
				074BC5B82901DE36003DAFA9 /* AppDelegate.swift in Sources */,
				074BC5BA2901DE36003DAFA9 /* SceneDelegate.swift in Sources */,
			);
			runOnlyForDeploymentPostprocessing = 0;
		};
		074BC5C62901DE39003DAFA9 /* Sources */ = {
			isa = PBXSourcesBuildPhase;
			buildActionMask = 2147483647;
			files = (
				074BC5CF2901DE39003DAFA9 /* RandPicGenTests.swift in Sources */,
			);
			runOnlyForDeploymentPostprocessing = 0;
		};
		074BC5D02901DE39003DAFA9 /* Sources */ = {
			isa = PBXSourcesBuildPhase;
			buildActionMask = 2147483647;
			files = (
				074BC5D92901DE39003DAFA9 /* RandPicGenUITests.swift in Sources */,
				074BC5DB2901DE39003DAFA9 /* RandPicGenUITestsLaunchTests.swift in Sources */,
			);
			runOnlyForDeploymentPostprocessing = 0;
		};
/* End PBXSourcesBuildPhase section */

/* Begin PBXTargetDependency section */
		074BC5CC2901DE39003DAFA9 /* PBXTargetDependency */ = {
			isa = PBXTargetDependency;
			target = 074BC5B32901DE36003DAFA9 /* RandPicGen */;
			targetProxy = 074BC5CB2901DE39003DAFA9 /* PBXContainerItemProxy */;
		};
		074BC5D62901DE39003DAFA9 /* PBXTargetDependency */ = {
			isa = PBXTargetDependency;
			target = 074BC5B32901DE36003DAFA9 /* RandPicGen */;
			targetProxy = 074BC5D52901DE39003DAFA9 /* PBXContainerItemProxy */;
		};
/* End PBXTargetDependency section */

/* Begin PBXVariantGroup section */
		074BC5BD2901DE36003DAFA9 /* Main.storyboard */ = {
			isa = PBXVariantGroup;
			children = (
				074BC5BE2901DE36003DAFA9 /* Base */,
			);
			name = Main.storyboard;
			sourceTree = "<group>";
		};
		074BC5C22901DE38003DAFA9 /* LaunchScreen.storyboard */ = {
			isa = PBXVariantGroup;
			children = (
				074BC5C32901DE38003DAFA9 /* Base */,
			);
			name = LaunchScreen.storyboard;
			sourceTree = "<group>";
		};
/* End PBXVariantGroup section */

/* Begin XCBuildConfiguration section */
		074BC5DC2901DE39003DAFA9 /* Debug */ = {
			isa = XCBuildConfiguration;
			buildSettings = {
				ALWAYS_SEARCH_USER_PATHS = NO;
				CLANG_ANALYZER_NONNULL = YES;
				CLANG_ANALYZER_NUMBER_OBJECT_CONVERSION = YES_AGGRESSIVE;
				CLANG_CXX_LANGUAGE_STANDARD = "gnu++17";
				CLANG_ENABLE_MODULES = YES;
				CLANG_ENABLE_OBJC_ARC = YES;
				CLANG_ENABLE_OBJC_WEAK = YES;
				CLANG_WARN_BLOCK_CAPTURE_AUTORELEASING = YES;
				CLANG_WARN_BOOL_CONVERSION = YES;
				CLANG_WARN_COMMA = YES;
				CLANG_WARN_CONSTANT_CONVERSION = YES;
				CLANG_WARN_DEPRECATED_OBJC_IMPLEMENTATIONS = YES;
				CLANG_WARN_DIRECT_OBJC_ISA_USAGE = YES_ERROR;
				CLANG_WARN_DOCUMENTATION_COMMENTS = YES;
				CLANG_WARN_EMPTY_BODY = YES;
				CLANG_WARN_ENUM_CONVERSION = YES;
				CLANG_WARN_INFINITE_RECURSION = YES;
				CLANG_WARN_INT_CONVERSION = YES;
				CLANG_WARN_NON_LITERAL_NULL_CONVERSION = YES;
				CLANG_WARN_OBJC_IMPLICIT_RETAIN_SELF = YES;
				CLANG_WARN_OBJC_LITERAL_CONVERSION = YES;
				CLANG_WARN_OBJC_ROOT_CLASS = YES_ERROR;
				CLANG_WARN_QUOTED_INCLUDE_IN_FRAMEWORK_HEADER = YES;
				CLANG_WARN_RANGE_LOOP_ANALYSIS = YES;
				CLANG_WARN_STRICT_PROTOTYPES = YES;
				CLANG_WARN_SUSPICIOUS_MOVE = YES;
				CLANG_WARN_UNGUARDED_AVAILABILITY = YES_AGGRESSIVE;
				CLANG_WARN_UNREACHABLE_CODE = YES;
				CLANG_WARN__DUPLICATE_METHOD_MATCH = YES;
				COPY_PHASE_STRIP = NO;
				DEBUG_INFORMATION_FORMAT = dwarf;
				ENABLE_STRICT_OBJC_MSGSEND = YES;
				ENABLE_TESTABILITY = YES;
				GCC_C_LANGUAGE_STANDARD = gnu11;
				GCC_DYNAMIC_NO_PIC = NO;
				GCC_NO_COMMON_BLOCKS = YES;
				GCC_OPTIMIZATION_LEVEL = 0;
				GCC_PREPROCESSOR_DEFINITIONS = (
					"DEBUG=1",
					"$(inherited)",
				);
				GCC_WARN_64_TO_32_BIT_CONVERSION = YES;
				GCC_WARN_ABOUT_RETURN_TYPE = YES_ERROR;
				GCC_WARN_UNDECLARED_SELECTOR = YES;
				GCC_WARN_UNINITIALIZED_AUTOS = YES_AGGRESSIVE;
				GCC_WARN_UNUSED_FUNCTION = YES;
				GCC_WARN_UNUSED_VARIABLE = YES;
				IPHONEOS_DEPLOYMENT_TARGET = 15.5;
				MTL_ENABLE_DEBUG_INFO = INCLUDE_SOURCE;
				MTL_FAST_MATH = YES;
				ONLY_ACTIVE_ARCH = YES;
				SDKROOT = iphoneos;
				SWIFT_ACTIVE_COMPILATION_CONDITIONS = DEBUG;
				SWIFT_OPTIMIZATION_LEVEL = "-Onone";
			};
			name = Debug;
		};
		074BC5DD2901DE39003DAFA9 /* Release */ = {
			isa = XCBuildConfiguration;
			buildSettings = {
				ALWAYS_SEARCH_USER_PATHS = NO;
				CLANG_ANALYZER_NONNULL = YES;
				CLANG_ANALYZER_NUMBER_OBJECT_CONVERSION = YES_AGGRESSIVE;
				CLANG_CXX_LANGUAGE_STANDARD = "gnu++17";
				CLANG_ENABLE_MODULES = YES;
				CLANG_ENABLE_OBJC_ARC = YES;
				CLANG_ENABLE_OBJC_WEAK = YES;
				CLANG_WARN_BLOCK_CAPTURE_AUTORELEASING = YES;
				CLANG_WARN_BOOL_CONVERSION = YES;
				CLANG_WARN_COMMA = YES;
				CLANG_WARN_CONSTANT_CONVERSION = YES;
				CLANG_WARN_DEPRECATED_OBJC_IMPLEMENTATIONS = YES;
				CLANG_WARN_DIRECT_OBJC_ISA_USAGE = YES_ERROR;
				CLANG_WARN_DOCUMENTATION_COMMENTS = YES;
				CLANG_WARN_EMPTY_BODY = YES;
				CLANG_WARN_ENUM_CONVERSION = YES;
				CLANG_WARN_INFINITE_RECURSION = YES;
				CLANG_WARN_INT_CONVERSION = YES;
				CLANG_WARN_NON_LITERAL_NULL_CONVERSION = YES;
				CLANG_WARN_OBJC_IMPLICIT_RETAIN_SELF = YES;
				CLANG_WARN_OBJC_LITERAL_CONVERSION = YES;
				CLANG_WARN_OBJC_ROOT_CLASS = YES_ERROR;
				CLANG_WARN_QUOTED_INCLUDE_IN_FRAMEWORK_HEADER = YES;
				CLANG_WARN_RANGE_LOOP_ANALYSIS = YES;
				CLANG_WARN_STRICT_PROTOTYPES = YES;
				CLANG_WARN_SUSPICIOUS_MOVE = YES;
				CLANG_WARN_UNGUARDED_AVAILABILITY = YES_AGGRESSIVE;
				CLANG_WARN_UNREACHABLE_CODE = YES;
				CLANG_WARN__DUPLICATE_METHOD_MATCH = YES;
				COPY_PHASE_STRIP = NO;
				DEBUG_INFORMATION_FORMAT = "dwarf-with-dsym";
				ENABLE_NS_ASSERTIONS = NO;
				ENABLE_STRICT_OBJC_MSGSEND = YES;
				GCC_C_LANGUAGE_STANDARD = gnu11;
				GCC_NO_COMMON_BLOCKS = YES;
				GCC_WARN_64_TO_32_BIT_CONVERSION = YES;
				GCC_WARN_ABOUT_RETURN_TYPE = YES_ERROR;
				GCC_WARN_UNDECLARED_SELECTOR = YES;
				GCC_WARN_UNINITIALIZED_AUTOS = YES_AGGRESSIVE;
				GCC_WARN_UNUSED_FUNCTION = YES;
				GCC_WARN_UNUSED_VARIABLE = YES;
				IPHONEOS_DEPLOYMENT_TARGET = 15.5;
				MTL_ENABLE_DEBUG_INFO = NO;
				MTL_FAST_MATH = YES;
				SDKROOT = iphoneos;
				SWIFT_COMPILATION_MODE = wholemodule;
				SWIFT_OPTIMIZATION_LEVEL = "-O";
				VALIDATE_PRODUCT = YES;
			};
			name = Release;
		};
		074BC5DF2901DE39003DAFA9 /* Debug */ = {
			isa = XCBuildConfiguration;
			buildSettings = {
				ASSETCATALOG_COMPILER_APPICON_NAME = AppIcon;
				ASSETCATALOG_COMPILER_GLOBAL_ACCENT_COLOR_NAME = AccentColor;
				CODE_SIGN_STYLE = Automatic;
				CURRENT_PROJECT_VERSION = 1;
				GENERATE_INFOPLIST_FILE = YES;
				INFOPLIST_FILE = RandPicGen/Info.plist;
				INFOPLIST_KEY_UIApplicationSupportsIndirectInputEvents = YES;
				INFOPLIST_KEY_UILaunchStoryboardName = LaunchScreen;
				INFOPLIST_KEY_UIMainStoryboardFile = Main;
				INFOPLIST_KEY_UISupportedInterfaceOrientations_iPad = "UIInterfaceOrientationPortrait UIInterfaceOrientationPortraitUpsideDown UIInterfaceOrientationLandscapeLeft UIInterfaceOrientationLandscapeRight";
				INFOPLIST_KEY_UISupportedInterfaceOrientations_iPhone = "UIInterfaceOrientationPortrait UIInterfaceOrientationLandscapeLeft UIInterfaceOrientationLandscapeRight";
				LD_RUNPATH_SEARCH_PATHS = (
					"$(inherited)",
					"@executable_path/Frameworks",
				);
				MARKETING_VERSION = 1.0;
				PRODUCT_BUNDLE_IDENTIFIER = Eric.RandPicGen;
				PRODUCT_NAME = "$(TARGET_NAME)";
				SWIFT_EMIT_LOC_STRINGS = YES;
				SWIFT_VERSION = 5.0;
				TARGETED_DEVICE_FAMILY = "1,2";
			};
			name = Debug;
		};
		074BC5E02901DE39003DAFA9 /* Release */ = {
			isa = XCBuildConfiguration;
			buildSettings = {
				ASSETCATALOG_COMPILER_APPICON_NAME = AppIcon;
				ASSETCATALOG_COMPILER_GLOBAL_ACCENT_COLOR_NAME = AccentColor;
				CODE_SIGN_STYLE = Automatic;
				CURRENT_PROJECT_VERSION = 1;
				GENERATE_INFOPLIST_FILE = YES;
				INFOPLIST_FILE = RandPicGen/Info.plist;
				INFOPLIST_KEY_UIApplicationSupportsIndirectInputEvents = YES;
				INFOPLIST_KEY_UILaunchStoryboardName = LaunchScreen;
				INFOPLIST_KEY_UIMainStoryboardFile = Main;
				INFOPLIST_KEY_UISupportedInterfaceOrientations_iPad = "UIInterfaceOrientationPortrait UIInterfaceOrientationPortraitUpsideDown UIInterfaceOrientationLandscapeLeft UIInterfaceOrientationLandscapeRight";
				INFOPLIST_KEY_UISupportedInterfaceOrientations_iPhone = "UIInterfaceOrientationPortrait UIInterfaceOrientationLandscapeLeft UIInterfaceOrientationLandscapeRight";
				LD_RUNPATH_SEARCH_PATHS = (
					"$(inherited)",
					"@executable_path/Frameworks",
				);
				MARKETING_VERSION = 1.0;
				PRODUCT_BUNDLE_IDENTIFIER = Eric.RandPicGen;
				PRODUCT_NAME = "$(TARGET_NAME)";
				SWIFT_EMIT_LOC_STRINGS = YES;
				SWIFT_VERSION = 5.0;
				TARGETED_DEVICE_FAMILY = "1,2";
			};
			name = Release;
		};
		074BC5E22901DE39003DAFA9 /* Debug */ = {
			isa = XCBuildConfiguration;
			buildSettings = {
				ALWAYS_EMBED_SWIFT_STANDARD_LIBRARIES = YES;
				BUNDLE_LOADER = "$(TEST_HOST)";
				CODE_SIGN_STYLE = Automatic;
				CURRENT_PROJECT_VERSION = 1;
				GENERATE_INFOPLIST_FILE = YES;
				IPHONEOS_DEPLOYMENT_TARGET = 15.5;
				MARKETING_VERSION = 1.0;
				PRODUCT_BUNDLE_IDENTIFIER = Eric.RandPicGenTests;
				PRODUCT_NAME = "$(TARGET_NAME)";
				SWIFT_EMIT_LOC_STRINGS = NO;
				SWIFT_VERSION = 5.0;
				TARGETED_DEVICE_FAMILY = "1,2";
				TEST_HOST = "$(BUILT_PRODUCTS_DIR)/RandPicGen.app/RandPicGen";
			};
			name = Debug;
		};
		074BC5E32901DE39003DAFA9 /* Release */ = {
			isa = XCBuildConfiguration;
			buildSettings = {
				ALWAYS_EMBED_SWIFT_STANDARD_LIBRARIES = YES;
				BUNDLE_LOADER = "$(TEST_HOST)";
				CODE_SIGN_STYLE = Automatic;
				CURRENT_PROJECT_VERSION = 1;
				GENERATE_INFOPLIST_FILE = YES;
				IPHONEOS_DEPLOYMENT_TARGET = 15.5;
				MARKETING_VERSION = 1.0;
				PRODUCT_BUNDLE_IDENTIFIER = Eric.RandPicGenTests;
				PRODUCT_NAME = "$(TARGET_NAME)";
				SWIFT_EMIT_LOC_STRINGS = NO;
				SWIFT_VERSION = 5.0;
				TARGETED_DEVICE_FAMILY = "1,2";
				TEST_HOST = "$(BUILT_PRODUCTS_DIR)/RandPicGen.app/RandPicGen";
			};
			name = Release;
		};
		074BC5E52901DE39003DAFA9 /* Debug */ = {
			isa = XCBuildConfiguration;
			buildSettings = {
				ALWAYS_EMBED_SWIFT_STANDARD_LIBRARIES = YES;
				CODE_SIGN_STYLE = Automatic;
				CURRENT_PROJECT_VERSION = 1;
				GENERATE_INFOPLIST_FILE = YES;
				MARKETING_VERSION = 1.0;
				PRODUCT_BUNDLE_IDENTIFIER = Eric.RandPicGenUITests;
				PRODUCT_NAME = "$(TARGET_NAME)";
				SWIFT_EMIT_LOC_STRINGS = NO;
				SWIFT_VERSION = 5.0;
				TARGETED_DEVICE_FAMILY = "1,2";
				TEST_TARGET_NAME = RandPicGen;
			};
			name = Debug;
		};
		074BC5E62901DE39003DAFA9 /* Release */ = {
			isa = XCBuildConfiguration;
			buildSettings = {
				ALWAYS_EMBED_SWIFT_STANDARD_LIBRARIES = YES;
				CODE_SIGN_STYLE = Automatic;
				CURRENT_PROJECT_VERSION = 1;
				GENERATE_INFOPLIST_FILE = YES;
				MARKETING_VERSION = 1.0;
				PRODUCT_BUNDLE_IDENTIFIER = Eric.RandPicGenUITests;
				PRODUCT_NAME = "$(TARGET_NAME)";
				SWIFT_EMIT_LOC_STRINGS = NO;
				SWIFT_VERSION = 5.0;
				TARGETED_DEVICE_FAMILY = "1,2";
				TEST_TARGET_NAME = RandPicGen;
			};
			name = Release;
		};
/* End XCBuildConfiguration section */

/* Begin XCConfigurationList section */
		074BC5AF2901DE36003DAFA9 /* Build configuration list for PBXProject "RandPicGen" */ = {
			isa = XCConfigurationList;
			buildConfigurations = (
				074BC5DC2901DE39003DAFA9 /* Debug */,
				074BC5DD2901DE39003DAFA9 /* Release */,
			);
			defaultConfigurationIsVisible = 0;
			defaultConfigurationName = Release;
		};
		074BC5DE2901DE39003DAFA9 /* Build configuration list for PBXNativeTarget "RandPicGen" */ = {
			isa = XCConfigurationList;
			buildConfigurations = (
				074BC5DF2901DE39003DAFA9 /* Debug */,
				074BC5E02901DE39003DAFA9 /* Release */,
			);
			defaultConfigurationIsVisible = 0;
			defaultConfigurationName = Release;
		};
		074BC5E12901DE39003DAFA9 /* Build configuration list for PBXNativeTarget "RandPicGenTests" */ = {
			isa = XCConfigurationList;
			buildConfigurations = (
				074BC5E22901DE39003DAFA9 /* Debug */,
				074BC5E32901DE39003DAFA9 /* Release */,
			);
			defaultConfigurationIsVisible = 0;
			defaultConfigurationName = Release;
		};
		074BC5E42901DE39003DAFA9 /* Build configuration list for PBXNativeTarget "RandPicGenUITests" */ = {
			isa = XCConfigurationList;
			buildConfigurations = (
				074BC5E52901DE39003DAFA9 /* Debug */,
				074BC5E62901DE39003DAFA9 /* Release */,
			);
			defaultConfigurationIsVisible = 0;
			defaultConfigurationName = Release;
		};
/* End XCConfigurationList section */
	};
	rootObject = 074BC5AC2901DE36003DAFA9 /* Project object */;
}
